
Microsoft Visual Studio Solution File, Format Version 12.00
# Visual Studio 15
VisualStudioVersion = 15.0.28010.2036
MinimumVisualStudioVersion = 10.0.40219.1
Project("{FAE04EC0-301F-11D3-BF4B-00C04F79EFBC}") = "Assingment2", "Assingment2\Assingment2.csproj", "{D31D427B-FD52-4A8D-AB6A-1BB684CCFB12}"
EndProject
Global
	GlobalSection(SolutionConfigurationPlatforms) = preSolution
		Debug|Any CPU = Debug|Any CPU
		Release|Any CPU = Release|Any CPU
	EndGlobalSection
	GlobalSection(ProjectConfigurationPlatforms) = postSolution
		{D31D427B-FD52-4A8D-AB6A-1BB684CCFB12}.Debug|Any CPU.ActiveCfg = Debug|Any CPU
		{D31D427B-FD52-4A8D-AB6A-1BB684CCFB12}.Debug|Any CPU.Build.0 = Debug|Any CPU
		{D31D427B-FD52-4A8D-AB6A-1BB684CCFB12}.Release|Any CPU.ActiveCfg = Release|Any CPU
		{D31D427B-FD52-4A8D-AB6A-1BB684CCFB12}.Release|Any CPU.Build.0 = Release|Any CPU
	EndGlobalSection
	GlobalSection(SolutionProperties) = preSolution
		HideSolutionNode = FALSE
	EndGlobalSection
	GlobalSection(ExtensibilityGlobals) = postSolution
		SolutionGuid = {BE1CC1F4-02ED-4EE4-AE24-008D5C45D401}
	EndGlobalSection
EndGlobal
